
Microsoft Visual Studio Solution File, Format Version 12.00
# Visual Studio 15
VisualStudioVersion = 15.0.28307.779
MinimumVisualStudioVersion = 10.0.40219.1
Project("{FAE04EC0-301F-11D3-BF4B-00C04F79EFBC}") = "CalculatorForZemen", "CalculatorForZemen\CalculatorForZemen.csproj", "{2851D6CB-1B82-4F42-8E5B-16AA4186245A}"
EndProject
Global
	GlobalSection(SolutionConfigurationPlatforms) = preSolution
		Debug|Any CPU = Debug|Any CPU
		Release|Any CPU = Release|Any CPU
	EndGlobalSection
	GlobalSection(ProjectConfigurationPlatforms) = postSolution
		{2851D6CB-1B82-4F42-8E5B-16AA4186245A}.Debug|Any CPU.ActiveCfg = Debug|Any CPU
		{2851D6CB-1B82-4F42-8E5B-16AA4186245A}.Debug|Any CPU.Build.0 = Debug|Any CPU
		{2851D6CB-1B82-4F42-8E5B-16AA4186245A}.Release|Any CPU.ActiveCfg = Release|Any CPU
		{2851D6CB-1B82-4F42-8E5B-16AA4186245A}.Release|Any CPU.Build.0 = Release|Any CPU
	EndGlobalSection
	GlobalSection(SolutionProperties) = preSolution
		HideSolutionNode = FALSE
	EndGlobalSection
	GlobalSection(ExtensibilityGlobals) = postSolution
		SolutionGuid = {635CD4C4-5477-4516-A095-F8B5DEBA23DA}
	EndGlobalSection
EndGlobal
